github.com/Comcast/gots v0.0.0-20191212173139-2373d6a19faa h1:cXeO4FHKMK31kmZXp6ZLSZDUX576wooPU8HctYRs154=
github.com/Comcast/gots v0.0.0-20191212173139-2373d6a19faa/go.mod h1:Mk3QwecRoaG2Qh+uiS8t8IOd7QlKl7Xp1ujNRn/zJxw=
github.com/zencoder/go-dash v0.0.0-20191113001023-d519baf9abec h1:JqX4+K9sTx46EFhQaT9qPGCNs6J1qyEE2yiQUlBscsM=
github.com/zencoder/go-dash v0.0.0-20191113001023-d519baf9abec/go.mod h1:c8Gxxfmh0jmZ6G+ISlpa315WBVkzd8mEhu6gN9mn5Qg=
